PODS:
  - ButtonProgressBar-iOS (1.0.1)
  - Kingfisher (5.1.1)

DEPENDENCIES:
  - ButtonProgressBar-iOS
  - Kingfisher

SPEC REPOS:
  https://github.com/cocoapods/specs.git:
    - ButtonProgressBar-iOS
    - Kingfisher

SPEC CHECKSUMS:
  ButtonProgressBar-iOS: 1127f15c7ab843648febc857fc2018c8224675c7
  Kingfisher: 2558186963e5be42d98c5b110ccb3130148b77e4

PODFILE CHECKSUM: bece659f0040df548af78aa914e444fe6d064a96

COCOAPODS: 1.6.1
